
Microsoft Visual Studio Solution File, Format Version 12.00
# Visual Studio Version 16
VisualStudioVersion = 16.0.29519.87
MinimumVisualStudioVersion = 10.0.40219.1
Project("{FAE04EC0-301F-11D3-BF4B-00C04F79EFBC}") = "TestOzCode", "TestOzCode.csproj", "{859F458A-FB1C-4DD0-8605-F1C792345F7E}"
EndProject
Global
	GlobalSection(SolutionConfigurationPlatforms) = preSolution
		Debug|Any CPU = Debug|Any CPU
		Release|Any CPU = Release|Any CPU
	EndGlobalSection
	GlobalSection(ProjectConfigurationPlatforms) = postSolution
		{859F458A-FB1C-4DD0-8605-F1C792345F7E}.Debug|Any CPU.ActiveCfg = Debug|Any CPU
		{859F458A-FB1C-4DD0-8605-F1C792345F7E}.Debug|Any CPU.Build.0 = Debug|Any CPU
		{859F458A-FB1C-4DD0-8605-F1C792345F7E}.Release|Any CPU.ActiveCfg = Release|Any CPU
		{859F458A-FB1C-4DD0-8605-F1C792345F7E}.Release|Any CPU.Build.0 = Release|Any CPU
	EndGlobalSection
	GlobalSection(SolutionProperties) = preSolution
		HideSolutionNode = FALSE
	EndGlobalSection
	GlobalSection(ExtensibilityGlobals) = postSolution
		SolutionGuid = {14CF221E-7096-4467-9CC6-D172908BFD1D}
	EndGlobalSection
EndGlobal
